
Microsoft Visual Studio Solution File, Format Version 12.00
# Visual Studio Version 18
VisualStudioVersion = 18.9.12120.119 stable
MinimumVisualStudioVersion = 16.0.0.0
Project("{9A19103F-16F7-4668-BE54-9A1E7A4F7556}") = "TrimmedWebWorkerInteractiveWebAssembly", "TrimmedWebWorkerInteractiveWebAssembly\TrimmedWebWorkerInteractiveWebAssembly.csproj", "{369C7E08-FD13-44BB-8105-A5BAB77C3FDB}"
EndProject
Project("{9A19103F-16F7-4668-BE54-9A1E7A4F7556}") = "TrimmedWebWorkerInteractiveWebAssembly.Client", "TrimmedWebWorkerInteractiveWebAssembly.Client\TrimmedWebWorkerInteractiveWebAssembly.Client.csproj", "{9F5F9767-A471-4669-8DA0-58B56E3730E7}"
EndProject
Project("{FAE04EC0-301F-11D3-BF4B-00C04F79EFBC}") = "MyWebWorker", "..\MyWebWorker\MyWebWorker.csproj", "{D6F6F665-5919-0532-7FB1-7F58526A7075}"
EndProject
Global
	GlobalSection(SolutionConfigurationPlatforms) = preSolution
		Debug|Any CPU = Debug|Any CPU
		Debug|x64 = Debug|x64
		Debug|x86 = Debug|x86
		Release|Any CPU = Release|Any CPU
		Release|x64 = Release|x64
		Release|x86 = Release|x86
	EndGlobalSection
	GlobalSection(ProjectConfigurationPlatforms) = postSolution
		{369C7E08-FD13-44BB-8105-A5BAB77C3FDB}.Debug|Any CPU.ActiveCfg = Debug|Any CPU
		{369C7E08-FD13-44BB-8105-A5BAB77C3FDB}.Debug|Any CPU.Build.0 = Debug|Any CPU
		{369C7E08-FD13-44BB-8105-A5BAB77C3FDB}.Debug|x64.ActiveCfg = Debug|Any CPU
		{369C7E08-FD13-44BB-8105-A5BAB77C3FDB}.Debug|x64.Build.0 = Debug|Any CPU
		{369C7E08-FD13-44BB-8105-A5BAB77C3FDB}.Debug|x86.ActiveCfg = Debug|Any CPU
		{369C7E08-FD13-44BB-8105-A5BAB77C3FDB}.Debug|x86.Build.0 = Debug|Any CPU
		{369C7E08-FD13-44BB-8105-A5BAB77C3FDB}.Release|Any CPU.ActiveCfg = Release|Any CPU
		{369C7E08-FD13-44BB-8105-A5BAB77C3FDB}.Release|Any CPU.Build.0 = Release|Any CPU
		{369C7E08-FD13-44BB-8105-A5BAB77C3FDB}.Release|x64.ActiveCfg = Release|Any CPU
		{369C7E08-FD13-44BB-8105-A5BAB77C3FDB}.Release|x64.Build.0 = Release|Any CPU
		{369C7E08-FD13-44BB-8105-A5BAB77C3FDB}.Release|x86.ActiveCfg = Release|Any CPU
		{369C7E08-FD13-44BB-8105-A5BAB77C3FDB}.Release|x86.Build.0 = Release|Any CPU
		{9F5F9767-A471-4669-8DA0-58B56E3730E7}.Debug|Any CPU.ActiveCfg = Debug|Any CPU
		{9F5F9767-A471-4669-8DA0-58B56E3730E7}.Debug|Any CPU.Build.0 = Debug|Any CPU
		{9F5F9767-A471-4669-8DA0-58B56E3730E7}.Debug|x64.ActiveCfg = Debug|Any CPU
		{9F5F9767-A471-4669-8DA0-58B56E3730E7}.Debug|x64.Build.0 = Debug|Any CPU
		{9F5F9767-A471-4669-8DA0-58B56E3730E7}.Debug|x86.ActiveCfg = Debug|Any CPU
		{9F5F9767-A471-4669-8DA0-58B56E3730E7}.Debug|x86.Build.0 = Debug|Any CPU
		{9F5F9767-A471-4669-8DA0-58B56E3730E7}.Release|Any CPU.ActiveCfg = Release|Any CPU
		{9F5F9767-A471-4669-8DA0-58B56E3730E7}.Release|Any CPU.Build.0 = Release|Any CPU
		{9F5F9767-A471-4669-8DA0-58B56E3730E7}.Release|x64.ActiveCfg = Release|Any CPU
		{9F5F9767-A471-4669-8DA0-58B56E3730E7}.Release|x64.Build.0 = Release|Any CPU
		{9F5F9767-A471-4669-8DA0-58B56E3730E7}.Release|x86.ActiveCfg = Release|Any CPU
		{9F5F9767-A471-4669-8DA0-58B56E3730E7}.Release|x86.Build.0 = Release|Any CPU
		{D6F6F665-5919-0532-7FB1-7F58526A7075}.Debug|Any CPU.ActiveCfg = Debug|Any CPU
		{D6F6F665-5919-0532-7FB1-7F58526A7075}.Debug|Any CPU.Build.0 = Debug|Any CPU
		{D6F6F665-5919-0532-7FB1-7F58526A7075}.Debug|x64.ActiveCfg = Debug|Any CPU
		{D6F6F665-5919-0532-7FB1-7F58526A7075}.Debug|x64.Build.0 = Debug|Any CPU
		{D6F6F665-5919-0532-7FB1-7F58526A7075}.Debug|x86.ActiveCfg = Debug|Any CPU
		{D6F6F665-5919-0532-7FB1-7F58526A7075}.Debug|x86.Build.0 = Debug|Any CPU
		{D6F6F665-5919-0532-7FB1-7F58526A7075}.Release|Any CPU.ActiveCfg = Release|Any CPU
		{D6F6F665-5919-0532-7FB1-7F58526A7075}.Release|Any CPU.Build.0 = Release|Any CPU
		{D6F6F665-5919-0532-7FB1-7F58526A7075}.Release|x64.ActiveCfg = Release|Any CPU
		{D6F6F665-5919-0532-7FB1-7F58526A7075}.Release|x64.Build.0 = Release|Any CPU
		{D6F6F665-5919-0532-7FB1-7F58526A7075}.Release|x86.ActiveCfg = Release|Any CPU
		{D6F6F665-5919-0532-7FB1-7F58526A7075}.Release|x86.Build.0 = Release|Any CPU
	EndGlobalSection
	GlobalSection(SolutionProperties) = preSolution
		HideSolutionNode = FALSE
	EndGlobalSection
	GlobalSection(ExtensibilityGlobals) = postSolution
		SolutionGuid = {E636B089-6C02-4E5E-B85E-A760A90E7195}
	EndGlobalSection
EndGlobal
